
Microsoft Visual Studio Solution File, Format Version 12.00
# Visual Studio Version 17
VisualStudioVersion = 17.3.32825.248
MinimumVisualStudioVersion = 10.0.40219.1
Project("{FAE04EC0-301F-11D3-BF4B-00C04F79EFBC}") = "TomeOfDarkness", "TomeOfDarkness\TomeOfDarkness.csproj", "{D817F615-EFF2-4615-9FEE-D3BD30F6AD05}"
EndProject
Global
	GlobalSection(SolutionConfigurationPlatforms) = preSolution
		Debug|Any CPU = Debug|Any CPU
		Release|Any CPU = Release|Any CPU
	EndGlobalSection
	GlobalSection(ProjectConfigurationPlatforms) = postSolution
		{D817F615-EFF2-4615-9FEE-D3BD30F6AD05}.Debug|Any CPU.ActiveCfg = Debug|Any CPU
		{D817F615-EFF2-4615-9FEE-D3BD30F6AD05}.Debug|Any CPU.Build.0 = Debug|Any CPU
		{D817F615-EFF2-4615-9FEE-D3BD30F6AD05}.Release|Any CPU.ActiveCfg = Release|Any CPU
		{D817F615-EFF2-4615-9FEE-D3BD30F6AD05}.Release|Any CPU.Build.0 = Release|Any CPU
	EndGlobalSection
	GlobalSection(SolutionProperties) = preSolution
		HideSolutionNode = FALSE
	EndGlobalSection
	GlobalSection(ExtensibilityGlobals) = postSolution
		SolutionGuid = {4AF4145A-7640-4D73-A8A5-25DED2A3D044}
	EndGlobalSection
EndGlobal
